// !$*UTF8*$!
{
	archiveVersion = 1;
	classes = {
	};
	objectVersion = 56;
	objects = {

/* Begin PBXBuildFile section */
		903107EA29B1F6860013F5B9 /* SplashView.swift in Sources */ = {isa = PBXBuildFile; fileRef = 903107E929B1F6860013F5B9 /* SplashView.swift */; };
		903107EC29B210770013F5B9 /* threeDMIC.swift in Sources */ = {isa = PBXBuildFile; fileRef = 903107EB29B210770013F5B9 /* threeDMIC.swift */; };
		903107EE29B2108D0013F5B9 /* QuitMenu.swift in Sources */ = {isa = PBXBuildFile; fileRef = 903107ED29B2108D0013F5B9 /* QuitMenu.swift */; };
		CB354F9D29A8B07C00208DB4 /* (null) in Sources */ = {isa = PBXBuildFile; };
		CB354FA129A8B46200208DB4 /* Object.swift in Sources */ = {isa = PBXBuildFile; fileRef = CB354FA029A8B46200208DB4 /* Object.swift */; };
		CB3FC3B129A629E200D709F1 /* EscapeApp.swift in Sources */ = {isa = PBXBuildFile; fileRef = CB3FC3B029A629E200D709F1 /* EscapeApp.swift */; };
		CB3FC3B529A629E300D709F1 /* Assets.xcassets in Resources */ = {isa = PBXBuildFile; fileRef = CB3FC3B429A629E300D709F1 /* Assets.xcassets */; };
		CB3FC3B829A629E300D709F1 /* Preview Assets.xcassets in Resources */ = {isa = PBXBuildFile; fileRef = CB3FC3B729A629E300D709F1 /* Preview Assets.xcassets */; };
		CB3FC3C029A62C8F00D709F1 /* SpeechRecognition.swift in Sources */ = {isa = PBXBuildFile; fileRef = CB3FC3BF29A62C8F00D709F1 /* SpeechRecognition.swift */; };
		CB3FC3C429A636BC00D709F1 /* SpeechRecognitionView.swift in Sources */ = {isa = PBXBuildFile; fileRef = CB3FC3C329A636BC00D709F1 /* SpeechRecognitionView.swift */; };
		CB8619A929ACB42B004B81F6 /* Room.swift in Sources */ = {isa = PBXBuildFile; fileRef = CB8619A829ACB42B004B81F6 /* Room.swift */; };
		CBD5A2A629B11CB50056FF8D /* Tabular-Variable.ttf in Resources */ = {isa = PBXBuildFile; fileRef = CBD5A2A529B11CB50056FF8D /* Tabular-Variable.ttf */; };
		CBD5A2AD29B11DE00056FF8D /* threeDBUTTON2.swift in Sources */ = {isa = PBXBuildFile; fileRef = CBD5A2A829B11DE00056FF8D /* threeDBUTTON2.swift */; };
		CBD5A2AE29B11DE00056FF8D /* PauseMenu.swift in Sources */ = {isa = PBXBuildFile; fileRef = CBD5A2A929B11DE00056FF8D /* PauseMenu.swift */; };
		CBD5A2AF29B11DE00056FF8D /* HowToPlayMenu.swift in Sources */ = {isa = PBXBuildFile; fileRef = CBD5A2AA29B11DE00056FF8D /* HowToPlayMenu.swift */; };
		CBD5A2B029B11DE00056FF8D /* threeDBUTTON3.swift in Sources */ = {isa = PBXBuildFile; fileRef = CBD5A2AB29B11DE00056FF8D /* threeDBUTTON3.swift */; };
		CBD5A2B129B11DE00056FF8D /* threeDBUTTON.swift in Sources */ = {isa = PBXBuildFile; fileRef = CBD5A2AC29B11DE00056FF8D /* threeDBUTTON.swift */; };
		CBD5A2B629B11E5E0056FF8D /* RoomView.swift in Sources */ = {isa = PBXBuildFile; fileRef = CBD5A2B329B11E5E0056FF8D /* RoomView.swift */; };
		CBD5A2B729B11E5E0056FF8D /* ContentView.swift in Sources */ = {isa = PBXBuildFile; fileRef = CBD5A2B429B11E5E0056FF8D /* ContentView.swift */; };
		CBD5A2B829B11E5E0056FF8D /* mainScreen.swift in Sources */ = {isa = PBXBuildFile; fileRef = CBD5A2B529B11E5E0056FF8D /* mainScreen.swift */; };
		CBF5EB8729AE7FB400231706 /* Localizable.strings in Resources */ = {isa = PBXBuildFile; fileRef = CBF5EB8929AE7FB400231706 /* Localizable.strings */; };
/* End PBXBuildFile section */

/* Begin PBXFileReference section */
		903107E929B1F6860013F5B9 /* SplashView.swift */ = {isa = PBXFileReference; lastKnownFileType = sourcecode.swift; path = SplashView.swift; sourceTree = "<group>"; };
		903107EB29B210770013F5B9 /* threeDMIC.swift */ = {isa = PBXFileReference; fileEncoding = 4; lastKnownFileType = sourcecode.swift; path = threeDMIC.swift; sourceTree = "<group>"; };
		903107ED29B2108D0013F5B9 /* QuitMenu.swift */ = {isa = PBXFileReference; fileEncoding = 4; lastKnownFileType = sourcecode.swift; path = QuitMenu.swift; sourceTree = "<group>"; };
		CB354FA029A8B46200208DB4 /* Object.swift */ = {isa = PBXFileReference; lastKnownFileType = sourcecode.swift; path = Object.swift; sourceTree = "<group>"; };
		CB3FC3AD29A629E200D709F1 /* Escape.app */ = {isa = PBXFileReference; explicitFileType = wrapper.application; includeInIndex = 0; path = Escape.app; sourceTree = BUILT_PRODUCTS_DIR; };
		CB3FC3B029A629E200D709F1 /* EscapeApp.swift */ = {isa = PBXFileReference; lastKnownFileType = sourcecode.swift; path = EscapeApp.swift; sourceTree = "<group>"; };
		CB3FC3B429A629E300D709F1 /* Assets.xcassets */ = {isa = PBXFileReference; lastKnownFileType = folder.assetcatalog; path = Assets.xcassets; sourceTree = "<group>"; };
		CB3FC3B729A629E300D709F1 /* Preview Assets.xcassets */ = {isa = PBXFileReference; lastKnownFileType = folder.assetcatalog; path = "Preview Assets.xcassets"; sourceTree = "<group>"; };
		CB3FC3BF29A62C8F00D709F1 /* SpeechRecognition.swift */ = {isa = PBXFileReference; lastKnownFileType = sourcecode.swift; path = SpeechRecognition.swift; sourceTree = "<group>"; };
		CB3FC3C329A636BC00D709F1 /* SpeechRecognitionView.swift */ = {isa = PBXFileReference; lastKnownFileType = sourcecode.swift; path = SpeechRecognitionView.swift; sourceTree = "<group>"; };
		CB8619A829ACB42B004B81F6 /* Room.swift */ = {isa = PBXFileReference; fileEncoding = 4; lastKnownFileType = sourcecode.swift; path = Room.swift; sourceTree = "<group>"; };
		CBD5A2A529B11CB50056FF8D /* Tabular-Variable.ttf */ = {isa = PBXFileReference; lastKnownFileType = file; name = "Tabular-Variable.ttf"; path = "Escape/Tabular-Variable.ttf"; sourceTree = "<group>"; };
		CBD5A2A729B11CE40056FF8D /* Info.plist */ = {isa = PBXFileReference; lastKnownFileType = text.plist; path = Info.plist; sourceTree = "<group>"; };
		CBD5A2A829B11DE00056FF8D /* threeDBUTTON2.swift */ = {isa = PBXFileReference; fileEncoding = 4; lastKnownFileType = sourcecode.swift; path = threeDBUTTON2.swift; sourceTree = "<group>"; };
		CBD5A2A929B11DE00056FF8D /* PauseMenu.swift */ = {isa = PBXFileReference; fileEncoding = 4; lastKnownFileType = sourcecode.swift; path = PauseMenu.swift; sourceTree = "<group>"; };
		CBD5A2AA29B11DE00056FF8D /* HowToPlayMenu.swift */ = {isa = PBXFileReference; fileEncoding = 4; lastKnownFileType = sourcecode.swift; path = HowToPlayMenu.swift; sourceTree = "<group>"; };
		CBD5A2AB29B11DE00056FF8D /* threeDBUTTON3.swift */ = {isa = PBXFileReference; fileEncoding = 4; lastKnownFileType = sourcecode.swift; path = threeDBUTTON3.swift; sourceTree = "<group>"; };
		CBD5A2AC29B11DE00056FF8D /* threeDBUTTON.swift */ = {isa = PBXFileReference; fileEncoding = 4; lastKnownFileType = sourcecode.swift; path = threeDBUTTON.swift; sourceTree = "<group>"; };
		CBD5A2B329B11E5E0056FF8D /* RoomView.swift */ = {isa = PBXFileReference; fileEncoding = 4; lastKnownFileType = sourcecode.swift; path = RoomView.swift; sourceTree = "<group>"; };
		CBD5A2B429B11E5E0056FF8D /* ContentView.swift */ = {isa = PBXFileReference; fileEncoding = 4; lastKnownFileType = sourcecode.swift; path = ContentView.swift; sourceTree = "<group>"; };
		CBD5A2B529B11E5E0056FF8D /* mainScreen.swift */ = {isa = PBXFileReference; fileEncoding = 4; lastKnownFileType = sourcecode.swift; path = mainScreen.swift; sourceTree = "<group>"; };
		CBF5EB8829AE7FB400231706 /* en */ = {isa = PBXFileReference; lastKnownFileType = text.plist.strings; name = en; path = en.lproj/Localizable.strings; sourceTree = "<group>"; };
		CBF5EB8A29AE7FBC00231706 /* it */ = {isa = PBXFileReference; lastKnownFileType = text.plist.strings; name = it; path = it.lproj/Localizable.strings; sourceTree = "<group>"; };
/* End PBXFileReference section */

/* Begin PBXFrameworksBuildPhase section */
		CB3FC3AA29A629E200D709F1 /* Frameworks */ = {
			isa = PBXFrameworksBuildPhase;
			buildActionMask = 2147483647;
			files = (
			);
			runOnlyForDeploymentPostprocessing = 0;
		};
/* End PBXFrameworksBuildPhase section */

/* Begin PBXGroup section */
		CB354FA429A901CF00208DB4 /* Story */ = {
			isa = PBXGroup;
			children = (
			);
			name = Story;
			sourceTree = "<group>";
		};
		CB3FC3A429A629E200D709F1 = {
			isa = PBXGroup;
			children = (
				CBD5A2A529B11CB50056FF8D /* Tabular-Variable.ttf */,
				CB3FC3AF29A629E200D709F1 /* Escape */,
				CB3FC3AE29A629E200D709F1 /* Products */,
			);
			sourceTree = "<group>";
		};
		CB3FC3AE29A629E200D709F1 /* Products */ = {
			isa = PBXGroup;
			children = (
				CB3FC3AD29A629E200D709F1 /* Escape.app */,
			);
			name = Products;
			sourceTree = "<group>";
		};
		CB3FC3AF29A629E200D709F1 /* Escape */ = {
			isa = PBXGroup;
			children = (
				CBD5A2B229B11E390056FF8D /* Views */,
				CBD5A2A729B11CE40056FF8D /* Info.plist */,
				CBD5A2A429B11C260056FF8D /* ViewComponents */,
				CB354FA429A901CF00208DB4 /* Story */,
				CB3FC3BE29A62C8000D709F1 /* Model */,
				CB3FC3B029A629E200D709F1 /* EscapeApp.swift */,
				CB3FC3C329A636BC00D709F1 /* SpeechRecognitionView.swift */,
				CB3FC3B429A629E300D709F1 /* Assets.xcassets */,
				CB3FC3B629A629E300D709F1 /* Preview Content */,
				CBF5EB8929AE7FB400231706 /* Localizable.strings */,
			);
			path = Escape;
			sourceTree = "<group>";
		};
		CB3FC3B629A629E300D709F1 /* Preview Content */ = {
			isa = PBXGroup;
			children = (
				CB3FC3B729A629E300D709F1 /* Preview Assets.xcassets */,
			);
			path = "Preview Content";
			sourceTree = "<group>";
		};
		CB3FC3BE29A62C8000D709F1 /* Model */ = {
			isa = PBXGroup;
			children = (
				CB3FC3BF29A62C8F00D709F1 /* SpeechRecognition.swift */,
				CB8619A829ACB42B004B81F6 /* Room.swift */,
				CB354FA029A8B46200208DB4 /* Object.swift */,
			);
			path = Model;
			sourceTree = "<group>";
		};
		CBD5A2A429B11C260056FF8D /* ViewComponents */ = {
			isa = PBXGroup;
			children = (
				CBD5A2AA29B11DE00056FF8D /* HowToPlayMenu.swift */,
				CBD5A2A929B11DE00056FF8D /* PauseMenu.swift */,
				903107ED29B2108D0013F5B9 /* QuitMenu.swift */,
				CBD5A2AC29B11DE00056FF8D /* threeDBUTTON.swift */,
				CBD5A2A829B11DE00056FF8D /* threeDBUTTON2.swift */,
				CBD5A2AB29B11DE00056FF8D /* threeDBUTTON3.swift */,
				903107EB29B210770013F5B9 /* threeDMIC.swift */,
			);
			path = ViewComponents;
			sourceTree = "<group>";
		};
		CBD5A2B229B11E390056FF8D /* Views */ = {
			isa = PBXGroup;
			children = (
				CBD5A2B429B11E5E0056FF8D /* ContentView.swift */,
				CBD5A2B529B11E5E0056FF8D /* mainScreen.swift */,
				CBD5A2B329B11E5E0056FF8D /* RoomView.swift */,
				903107E929B1F6860013F5B9 /* SplashView.swift */,
			);
			path = Views;
			sourceTree = "<group>";
		};
/* End PBXGroup section */

/* Begin PBXNativeTarget section */
		CB3FC3AC29A629E200D709F1 /* Escape */ = {
			isa = PBXNativeTarget;
			buildConfigurationList = CB3FC3BB29A629E300D709F1 /* Build configuration list for PBXNativeTarget "Escape" */;
			buildPhases = (
				CB3FC3A929A629E200D709F1 /* Sources */,
				CB3FC3AA29A629E200D709F1 /* Frameworks */,
				CB3FC3AB29A629E200D709F1 /* Resources */,
			);
			buildRules = (
			);
			dependencies = (
			);
			name = Escape;
			productName = Escape;
			productReference = CB3FC3AD29A629E200D709F1 /* Escape.app */;
			productType = "com.apple.product-type.application";
		};
/* End PBXNativeTarget section */

/* Begin PBXProject section */
		CB3FC3A529A629E200D709F1 /* Project object */ = {
			isa = PBXProject;
			attributes = {
				BuildIndependentTargetsInParallel = 1;
				LastSwiftUpdateCheck = 1420;
				LastUpgradeCheck = 1420;
				TargetAttributes = {
					CB3FC3AC29A629E200D709F1 = {
						CreatedOnToolsVersion = 14.2;
					};
				};
			};
			buildConfigurationList = CB3FC3A829A629E200D709F1 /* Build configuration list for PBXProject "Escape" */;
			compatibilityVersion = "Xcode 14.0";
			developmentRegion = en;
			hasScannedForEncodings = 0;
			knownRegions = (
				en,
				Base,
				it,
			);
			mainGroup = CB3FC3A429A629E200D709F1;
			productRefGroup = CB3FC3AE29A629E200D709F1 /* Products */;
			projectDirPath = "";
			projectRoot = "";
			targets = (
				CB3FC3AC29A629E200D709F1 /* Escape */,
			);
		};
/* End PBXProject section */

/* Begin PBXResourcesBuildPhase section */
		CB3FC3AB29A629E200D709F1 /* Resources */ = {
			isa = PBXResourcesBuildPhase;
			buildActionMask = 2147483647;
			files = (
				CB3FC3B829A629E300D709F1 /* Preview Assets.xcassets in Resources */,
				CBF5EB8729AE7FB400231706 /* Localizable.strings in Resources */,
				CBD5A2A629B11CB50056FF8D /* Tabular-Variable.ttf in Resources */,
				CB3FC3B529A629E300D709F1 /* Assets.xcassets in Resources */,
			);
			runOnlyForDeploymentPostprocessing = 0;
		};
/* End PBXResourcesBuildPhase section */

/* Begin PBXSourcesBuildPhase section */
		CB3FC3A929A629E200D709F1 /* Sources */ = {
			isa = PBXSourcesBuildPhase;
			buildActionMask = 2147483647;
			files = (
				CBD5A2B829B11E5E0056FF8D /* mainScreen.swift in Sources */,
				CBD5A2B129B11DE00056FF8D /* threeDBUTTON.swift in Sources */,
				903107EA29B1F6860013F5B9 /* SplashView.swift in Sources */,
				CBD5A2B029B11DE00056FF8D /* threeDBUTTON3.swift in Sources */,
				CBD5A2B629B11E5E0056FF8D /* RoomView.swift in Sources */,
				CB8619A929ACB42B004B81F6 /* Room.swift in Sources */,
				CB3FC3C029A62C8F00D709F1 /* SpeechRecognition.swift in Sources */,
				CB3FC3C429A636BC00D709F1 /* SpeechRecognitionView.swift in Sources */,
				CB354FA129A8B46200208DB4 /* Object.swift in Sources */,
				CBD5A2AD29B11DE00056FF8D /* threeDBUTTON2.swift in Sources */,
				CBD5A2AE29B11DE00056FF8D /* PauseMenu.swift in Sources */,
				CBD5A2B729B11E5E0056FF8D /* ContentView.swift in Sources */,
				CB3FC3B129A629E200D709F1 /* EscapeApp.swift in Sources */,
				CBD5A2AF29B11DE00056FF8D /* HowToPlayMenu.swift in Sources */,
				CB354F9D29A8B07C00208DB4 /* (null) in Sources */,
				903107EE29B2108D0013F5B9 /* QuitMenu.swift in Sources */,
				903107EC29B210770013F5B9 /* threeDMIC.swift in Sources */,
			);
			runOnlyForDeploymentPostprocessing = 0;
		};
/* End PBXSourcesBuildPhase section */

/* Begin PBXVariantGroup section */
		CBF5EB8929AE7FB400231706 /* Localizable.strings */ = {
			isa = PBXVariantGroup;
			children = (
				CBF5EB8829AE7FB400231706 /* en */,
				CBF5EB8A29AE7FBC00231706 /* it */,
			);
			name = Localizable.strings;
			sourceTree = "<group>";
		};
/* End PBXVariantGroup section */

/* Begin XCBuildConfiguration section */
		CB3FC3B929A629E300D709F1 /* Debug */ = {
			isa = XCBuildConfiguration;
			buildSettings = {
				ALWAYS_SEARCH_USER_PATHS = NO;
				CLANG_ANALYZER_NONNULL = YES;
				CLANG_ANALYZER_NUMBER_OBJECT_CONVERSION = YES_AGGRESSIVE;
				CLANG_CXX_LANGUAGE_STANDARD = "gnu++20";
				CLANG_ENABLE_MODULES = YES;
				CLANG_ENABLE_OBJC_ARC = YES;
				CLANG_ENABLE_OBJC_WEAK = YES;
				CLANG_WARN_BLOCK_CAPTURE_AUTORELEASING = YES;
				CLANG_WARN_BOOL_CONVERSION = YES;
				CLANG_WARN_COMMA = YES;
				CLANG_WARN_CONSTANT_CONVERSION = YES;
				CLANG_WARN_DEPRECATED_OBJC_IMPLEMENTATIONS = YES;
				CLANG_WARN_DIRECT_OBJC_ISA_USAGE = YES_ERROR;
				CLANG_WARN_DOCUMENTATION_COMMENTS = YES;
				CLANG_WARN_EMPTY_BODY = YES;
				CLANG_WARN_ENUM_CONVERSION = YES;
				CLANG_WARN_INFINITE_RECURSION = YES;
				CLANG_WARN_INT_CONVERSION = YES;
				CLANG_WARN_NON_LITERAL_NULL_CONVERSION = YES;
				CLANG_WARN_OBJC_IMPLICIT_RETAIN_SELF = YES;
				CLANG_WARN_OBJC_LITERAL_CONVERSION = YES;
				CLANG_WARN_OBJC_ROOT_CLASS = YES_ERROR;
				CLANG_WARN_QUOTED_INCLUDE_IN_FRAMEWORK_HEADER = YES;
				CLANG_WARN_RANGE_LOOP_ANALYSIS = YES;
				CLANG_WARN_STRICT_PROTOTYPES = YES;
				CLANG_WARN_SUSPICIOUS_MOVE = YES;
				CLANG_WARN_UNGUARDED_AVAILABILITY = YES_AGGRESSIVE;
				CLANG_WARN_UNREACHABLE_CODE = YES;
				CLANG_WARN__DUPLICATE_METHOD_MATCH = YES;
				COPY_PHASE_STRIP = NO;
				DEBUG_INFORMATION_FORMAT = dwarf;
				ENABLE_STRICT_OBJC_MSGSEND = YES;
				ENABLE_TESTABILITY = YES;
				GCC_C_LANGUAGE_STANDARD = gnu11;
				GCC_DYNAMIC_NO_PIC = NO;
				GCC_NO_COMMON_BLOCKS = YES;
				GCC_OPTIMIZATION_LEVEL = 0;
				GCC_PREPROCESSOR_DEFINITIONS = (
					"DEBUG=1",
					"$(inherited)",
				);
				GCC_WARN_64_TO_32_BIT_CONVERSION = YES;
				GCC_WARN_ABOUT_RETURN_TYPE = YES_ERROR;
				GCC_WARN_UNDECLARED_SELECTOR = YES;
				GCC_WARN_UNINITIALIZED_AUTOS = YES_AGGRESSIVE;
				GCC_WARN_UNUSED_FUNCTION = YES;
				GCC_WARN_UNUSED_VARIABLE = YES;
				IPHONEOS_DEPLOYMENT_TARGET = 16.2;
				MTL_ENABLE_DEBUG_INFO = INCLUDE_SOURCE;
				MTL_FAST_MATH = YES;
				ONLY_ACTIVE_ARCH = YES;
				SDKROOT = iphoneos;
				SWIFT_ACTIVE_COMPILATION_CONDITIONS = DEBUG;
				SWIFT_OPTIMIZATION_LEVEL = "-Onone";
			};
			name = Debug;
		};
		CB3FC3BA29A629E300D709F1 /* Release */ = {
			isa = XCBuildConfiguration;
			buildSettings = {
				ALWAYS_SEARCH_USER_PATHS = NO;
				CLANG_ANALYZER_NONNULL = YES;
				CLANG_ANALYZER_NUMBER_OBJECT_CONVERSION = YES_AGGRESSIVE;
				CLANG_CXX_LANGUAGE_STANDARD = "gnu++20";
				CLANG_ENABLE_MODULES = YES;
				CLANG_ENABLE_OBJC_ARC = YES;
				CLANG_ENABLE_OBJC_WEAK = YES;
				CLANG_WARN_BLOCK_CAPTURE_AUTORELEASING = YES;
				CLANG_WARN_BOOL_CONVERSION = YES;
				CLANG_WARN_COMMA = YES;
				CLANG_WARN_CONSTANT_CONVERSION = YES;
				CLANG_WARN_DEPRECATED_OBJC_IMPLEMENTATIONS = YES;
				CLANG_WARN_DIRECT_OBJC_ISA_USAGE = YES_ERROR;
				CLANG_WARN_DOCUMENTATION_COMMENTS = YES;
				CLANG_WARN_EMPTY_BODY = YES;
				CLANG_WARN_ENUM_CONVERSION = YES;
				CLANG_WARN_INFINITE_RECURSION = YES;
				CLANG_WARN_INT_CONVERSION = YES;
				CLANG_WARN_NON_LITERAL_NULL_CONVERSION = YES;
				CLANG_WARN_OBJC_IMPLICIT_RETAIN_SELF = YES;
				CLANG_WARN_OBJC_LITERAL_CONVERSION = YES;
				CLANG_WARN_OBJC_ROOT_CLASS = YES_ERROR;
				CLANG_WARN_QUOTED_INCLUDE_IN_FRAMEWORK_HEADER = YES;
				CLANG_WARN_RANGE_LOOP_ANALYSIS = YES;
				CLANG_WARN_STRICT_PROTOTYPES = YES;
				CLANG_WARN_SUSPICIOUS_MOVE = YES;
				CLANG_WARN_UNGUARDED_AVAILABILITY = YES_AGGRESSIVE;
				CLANG_WARN_UNREACHABLE_CODE = YES;
				CLANG_WARN__DUPLICATE_METHOD_MATCH = YES;
				COPY_PHASE_STRIP = NO;
				DEBUG_INFORMATION_FORMAT = "dwarf-with-dsym";
				ENABLE_NS_ASSERTIONS = NO;
				ENABLE_STRICT_OBJC_MSGSEND = YES;
				GCC_C_LANGUAGE_STANDARD = gnu11;
				GCC_NO_COMMON_BLOCKS = YES;
				GCC_WARN_64_TO_32_BIT_CONVERSION = YES;
				GCC_WARN_ABOUT_RETURN_TYPE = YES_ERROR;
				GCC_WARN_UNDECLARED_SELECTOR = YES;
				GCC_WARN_UNINITIALIZED_AUTOS = YES_AGGRESSIVE;
				GCC_WARN_UNUSED_FUNCTION = YES;
				GCC_WARN_UNUSED_VARIABLE = YES;
				IPHONEOS_DEPLOYMENT_TARGET = 16.2;
				MTL_ENABLE_DEBUG_INFO = NO;
				MTL_FAST_MATH = YES;
				SDKROOT = iphoneos;
				SWIFT_COMPILATION_MODE = wholemodule;
				SWIFT_OPTIMIZATION_LEVEL = "-O";
				VALIDATE_PRODUCT = YES;
			};
			name = Release;
		};
		CB3FC3BC29A629E300D709F1 /* Debug */ = {
			isa = XCBuildConfiguration;
			buildSettings = {
				ASSETCATALOG_COMPILER_APPICON_NAME = AppIcon;
				ASSETCATALOG_COMPILER_GLOBAL_ACCENT_COLOR_NAME = AccentColor;
				CODE_SIGN_STYLE = Automatic;
				CURRENT_PROJECT_VERSION = 1;
				DEVELOPMENT_ASSET_PATHS = "\"Escape/Preview Content\"";
				DEVELOPMENT_TEAM = ZSK3Z899D9;
				ENABLE_PREVIEWS = YES;
				GENERATE_INFOPLIST_FILE = YES;
				INFOPLIST_FILE = Escape/Info.plist;
				INFOPLIST_KEY_CFBundleDisplayName = Aris;
				INFOPLIST_KEY_LSApplicationCategoryType = "public.app-category.games";
				INFOPLIST_KEY_NSMicrophoneUsageDescription = "";
				INFOPLIST_KEY_NSSpeechRecognitionUsageDescription = 1.0;
				INFOPLIST_KEY_UIApplicationSceneManifest_Generation = YES;
				INFOPLIST_KEY_UIApplicationSupportsIndirectInputEvents = YES;
				INFOPLIST_KEY_UILaunchScreen_Generation = YES;
				INFOPLIST_KEY_UISupportedInterfaceOrientations_iPad = "UIInterfaceOrientationPortrait UIInterfaceOrientationPortraitUpsideDown UIInterfaceOrientationLandscapeLeft UIInterfaceOrientationLandscapeRight";
				INFOPLIST_KEY_UISupportedInterfaceOrientations_iPhone = "UIInterfaceOrientationPortrait UIInterfaceOrientationLandscapeLeft UIInterfaceOrientationLandscapeRight";
				LD_RUNPATH_SEARCH_PATHS = (
					"$(inherited)",
					"@executable_path/Frameworks",
				);
				MARKETING_VERSION = 1.0;
				PRODUCT_BUNDLE_IDENTIFIER = "eballarini-letters.Escape";
				PRODUCT_NAME = "$(TARGET_NAME)";
				SUPPORTED_PLATFORMS = "iphoneos iphonesimulator";
				SUPPORTS_MACCATALYST = NO;
				SUPPORTS_MAC_DESIGNED_FOR_IPHONE_IPAD = YES;
				SWIFT_EMIT_LOC_STRINGS = YES;
				SWIFT_VERSION = 5.0;
				TARGETED_DEVICE_FAMILY = 2;
			};
			name = Debug;
		};
		CB3FC3BD29A629E300D709F1 /* Release */ = {
			isa = XCBuildConfiguration;
			buildSettings = {
				ASSETCATALOG_COMPILER_APPICON_NAME = AppIcon;
				ASSETCATALOG_COMPILER_GLOBAL_ACCENT_COLOR_NAME = AccentColor;
				CODE_SIGN_STYLE = Automatic;
				CURRENT_PROJECT_VERSION = 1;
				DEVELOPMENT_ASSET_PATHS = "\"Escape/Preview Content\"";
				DEVELOPMENT_TEAM = T2BSAL5FW2;
				ENABLE_PREVIEWS = YES;
				GENERATE_INFOPLIST_FILE = YES;
				INFOPLIST_FILE = Escape/Info.plist;
				INFOPLIST_KEY_CFBundleDisplayName = Aris;
				INFOPLIST_KEY_LSApplicationCategoryType = "public.app-category.games";
				INFOPLIST_KEY_NSMicrophoneUsageDescription = "";
				INFOPLIST_KEY_NSSpeechRecognitionUsageDescription = 1.0;
				INFOPLIST_KEY_UIApplicationSceneManifest_Generation = YES;
				INFOPLIST_KEY_UIApplicationSupportsIndirectInputEvents = YES;
				INFOPLIST_KEY_UILaunchScreen_Generation = YES;
				INFOPLIST_KEY_UISupportedInterfaceOrientations_iPad = "UIInterfaceOrientationPortrait UIInterfaceOrientationPortraitUpsideDown UIInterfaceOrientationLandscapeLeft UIInterfaceOrientationLandscapeRight";
				INFOPLIST_KEY_UISupportedInterfaceOrientations_iPhone = "UIInterfaceOrientationPortrait UIInterfaceOrientationLandscapeLeft UIInterfaceOrientationLandscapeRight";
				LD_RUNPATH_SEARCH_PATHS = (
					"$(inherited)",
					"@executable_path/Frameworks",
				);
				MARKETING_VERSION = 1.0;
				PRODUCT_BUNDLE_IDENTIFIER = "eballarini-letters.Escape";
				PRODUCT_NAME = "$(TARGET_NAME)";
				SUPPORTED_PLATFORMS = "iphoneos iphonesimulator";
				SUPPORTS_MACCATALYST = NO;
				SUPPORTS_MAC_DESIGNED_FOR_IPHONE_IPAD = YES;
				SWIFT_EMIT_LOC_STRINGS = YES;
				SWIFT_VERSION = 5.0;
				TARGETED_DEVICE_FAMILY = 2;
			};
			name = Release;
		};
/* End XCBuildConfiguration section */

/* Begin XCConfigurationList section */
		CB3FC3A829A629E200D709F1 /* Build configuration list for PBXProject "Escape" */ = {
			isa = XCConfigurationList;
			buildConfigurations = (
				CB3FC3B929A629E300D709F1 /* Debug */,
				CB3FC3BA29A629E300D709F1 /* Release */,
			);
			defaultConfigurationIsVisible = 0;
			defaultConfigurationName = Release;
		};
		CB3FC3BB29A629E300D709F1 /* Build configuration list for PBXNativeTarget "Escape" */ = {
			isa = XCConfigurationList;
			buildConfigurations = (
				CB3FC3BC29A629E300D709F1 /* Debug */,
				CB3FC3BD29A629E300D709F1 /* Release */,
			);
			defaultConfigurationIsVisible = 0;
			defaultConfigurationName = Release;
		};
/* End XCConfigurationList section */
	};
	rootObject = CB3FC3A529A629E200D709F1 /* Project object */;
}
